
Microsoft Visual Studio Solution File, Format Version 12.00
# Visual Studio 14
VisualStudioVersion = 14.0.25420.1
MinimumVisualStudioVersion = 10.0.40219.1
Project("{FAE04EC0-301F-11D3-BF4B-00C04F79EFBC}") = "Obscureware.Console.Operations", "Obscureware.Console.Operations\Obscureware.Console.Operations.csproj", "{5C87D79C-7E55-4033-B42F-EEB926F1C8D4}"
EndProject
Project("{FAE04EC0-301F-11D3-BF4B-00C04F79EFBC}") = "ConsoleOperationsTests", "Console.Tests\ConsoleOperationsTests.csproj", "{CFB16C5C-EE36-4ACE-9513-0AD18DFF9D00}"
EndProject
Project("{2150E333-8FDC-42A3-9474-1A3956D46DE8}") = "Solution Items", "Solution Items", "{A58B69A3-1049-4F93-837A-71441C6627F5}"
	ProjectSection(SolutionItems) = preProject
		..\README.md = ..\README.md
	EndProjectSection
EndProject
Project("{FAE04EC0-301F-11D3-BF4B-00C04F79EFBC}") = "Obscureware.Shared", "..\..\Obscureware.Shared\src\Obscureware.Shared\Obscureware.Shared.csproj", "{286F5FE3-B75F-41B0-98BF-095F4617513A}"
EndProject
Global
	GlobalSection(SolutionConfigurationPlatforms) = preSolution
		Debug|Any CPU = Debug|Any CPU
		Release|Any CPU = Release|Any CPU
	EndGlobalSection
	GlobalSection(ProjectConfigurationPlatforms) = postSolution
		{5C87D79C-7E55-4033-B42F-EEB926F1C8D4}.Debug|Any CPU.ActiveCfg = Debug|Any CPU
		{5C87D79C-7E55-4033-B42F-EEB926F1C8D4}.Debug|Any CPU.Build.0 = Debug|Any CPU
		{5C87D79C-7E55-4033-B42F-EEB926F1C8D4}.Release|Any CPU.ActiveCfg = Release|Any CPU
		{5C87D79C-7E55-4033-B42F-EEB926F1C8D4}.Release|Any CPU.Build.0 = Release|Any CPU
		{CFB16C5C-EE36-4ACE-9513-0AD18DFF9D00}.Debug|Any CPU.ActiveCfg = Debug|Any CPU
		{CFB16C5C-EE36-4ACE-9513-0AD18DFF9D00}.Debug|Any CPU.Build.0 = Debug|Any CPU
		{CFB16C5C-EE36-4ACE-9513-0AD18DFF9D00}.Release|Any CPU.ActiveCfg = Release|Any CPU
		{CFB16C5C-EE36-4ACE-9513-0AD18DFF9D00}.Release|Any CPU.Build.0 = Release|Any CPU
		{286F5FE3-B75F-41B0-98BF-095F4617513A}.Debug|Any CPU.ActiveCfg = Debug|Any CPU
		{286F5FE3-B75F-41B0-98BF-095F4617513A}.Debug|Any CPU.Build.0 = Debug|Any CPU
		{286F5FE3-B75F-41B0-98BF-095F4617513A}.Release|Any CPU.ActiveCfg = Release|Any CPU
		{286F5FE3-B75F-41B0-98BF-095F4617513A}.Release|Any CPU.Build.0 = Release|Any CPU
	EndGlobalSection
	GlobalSection(SolutionProperties) = preSolution
		HideSolutionNode = FALSE
	EndGlobalSection
EndGlobal
